
Microsoft Visual Studio Solution File, Format Version 12.00
# Visual Studio Version 16
VisualStudioVersion = 16.0.30309.148
MinimumVisualStudioVersion = 10.0.40219.1
Project("{FAE04EC0-301F-11D3-BF4B-00C04F79EFBC}") = "PrinterLibraryAndroidTest", "PrinterLibraryAndroidTest\PrinterLibraryAndroidTest.csproj", "{6459A9FC-3BBA-421B-AAA1-6A6F36B3CF4B}"
EndProject
Global
	GlobalSection(SolutionConfigurationPlatforms) = preSolution
		Debug|Any CPU = Debug|Any CPU
		Release|Any CPU = Release|Any CPU
	EndGlobalSection
	GlobalSection(ProjectConfigurationPlatforms) = postSolution
		{6459A9FC-3BBA-421B-AAA1-6A6F36B3CF4B}.Debug|Any CPU.ActiveCfg = Debug|Any CPU
		{6459A9FC-3BBA-421B-AAA1-6A6F36B3CF4B}.Debug|Any CPU.Build.0 = Debug|Any CPU
		{6459A9FC-3BBA-421B-AAA1-6A6F36B3CF4B}.Debug|Any CPU.Deploy.0 = Debug|Any CPU
		{6459A9FC-3BBA-421B-AAA1-6A6F36B3CF4B}.Release|Any CPU.ActiveCfg = Release|Any CPU
		{6459A9FC-3BBA-421B-AAA1-6A6F36B3CF4B}.Release|Any CPU.Build.0 = Release|Any CPU
		{6459A9FC-3BBA-421B-AAA1-6A6F36B3CF4B}.Release|Any CPU.Deploy.0 = Release|Any CPU
	EndGlobalSection
	GlobalSection(SolutionProperties) = preSolution
		HideSolutionNode = FALSE
	EndGlobalSection
	GlobalSection(ExtensibilityGlobals) = postSolution
		SolutionGuid = {7221EEF0-7BAE-45E2-BAA9-F540F25F2FBA}
	EndGlobalSection
	GlobalSection(TeamFoundationVersionControl) = preSolution
		SccNumberOfProjects = 2
		SccEnterpriseProvider = {4CA58AB2-18FA-4F8D-95D4-32DDF27D184C}
		SccTeamFoundationServer = http://10.0.0.12:8899/tfs/mobilelibraries
		SccLocalPath0 = .
		SccProjectUniqueName1 = PrinterLibraryAndroidTest\\PrinterLibraryAndroidTest.csproj
		SccProjectName1 = PrinterLibraryAndroidTest
		SccLocalPath1 = PrinterLibraryAndroidTest
	EndGlobalSection
EndGlobal
